// !$*UTF8*$!
{
	archiveVersion = 1;
	classes = {
	};
	objectVersion = 56;
	objects = {

/* Begin PBXBuildFile section */
		74087D9029F0B1C000958CD7 /* BoundingBox.cpp in Sources */ = {isa = PBXBuildFile; fileRef = 74087D8E29F0B1C000958CD7 /* BoundingBox.cpp */; };
		74087D9129F0B1C000958CD7 /* BoundingBox.cpp in Sources */ = {isa = PBXBuildFile; fileRef = 74087D8E29F0B1C000958CD7 /* BoundingBox.cpp */; };
		74087D9429F0B85E00958CD7 /* SerializationContext.cpp in Sources */ = {isa = PBXBuildFile; fileRef = 74087D9229F0B85E00958CD7 /* SerializationContext.cpp */; };
		74087D9529F0B85E00958CD7 /* SerializationContext.cpp in Sources */ = {isa = PBXBuildFile; fileRef = 74087D9229F0B85E00958CD7 /* SerializationContext.cpp */; };
		7431C49829DD116300DD4A74 /* Interaction.cpp in Sources */ = {isa = PBXBuildFile; fileRef = 7431C49729DD116300DD4A74 /* Interaction.cpp */; };
		7431C49929DD116300DD4A74 /* Interaction.cpp in Sources */ = {isa = PBXBuildFile; fileRef = 7431C49729DD116300DD4A74 /* Interaction.cpp */; };
		7431C49C29DD179D00DD4A74 /* Object3DInteraction.mm in Sources */ = {isa = PBXBuildFile; fileRef = 7431C49A29DD179D00DD4A74 /* Object3DInteraction.mm */; };
		7431C49D29DD179D00DD4A74 /* Object3DInteraction.mm in Sources */ = {isa = PBXBuildFile; fileRef = 7431C49A29DD179D00DD4A74 /* Object3DInteraction.mm */; };
		743252BD29EE406F009A44EF /* ComputeDistance.cpp in Sources */ = {isa = PBXBuildFile; fileRef = 743252BC29EE406F009A44EF /* ComputeDistance.cpp */; };
		743252BE29EE406F009A44EF /* ComputeDistance.cpp in Sources */ = {isa = PBXBuildFile; fileRef = 743252BC29EE406F009A44EF /* ComputeDistance.cpp */; };
		743252C129EE41A7009A44EF /* ShadedPrimitive.cpp in Sources */ = {isa = PBXBuildFile; fileRef = 743252C029EE41A7009A44EF /* ShadedPrimitive.cpp */; };
		743252C229EE41A7009A44EF /* ShadedPrimitive.cpp in Sources */ = {isa = PBXBuildFile; fileRef = 743252C029EE41A7009A44EF /* ShadedPrimitive.cpp */; };
		743252C529EE5C70009A44EF /* ToggleObjectOperationCommand.cpp in Sources */ = {isa = PBXBuildFile; fileRef = 743252C329EE5C70009A44EF /* ToggleObjectOperationCommand.cpp */; };
		743252C629EE5C70009A44EF /* ToggleObjectOperationCommand.cpp in Sources */ = {isa = PBXBuildFile; fileRef = 743252C329EE5C70009A44EF /* ToggleObjectOperationCommand.cpp */; };
		7444A4D629A1CB63009632C3 /* Renderer.mm in Sources */ = {isa = PBXBuildFile; fileRef = 7444A4D529A1CB63009632C3 /* Renderer.mm */; };
		7444A4D929A1CB63009632C3 /* MainViewController.mm in Sources */ = {isa = PBXBuildFile; fileRef = 7444A4D829A1CB63009632C3 /* MainViewController.mm */; };
		7444A4DB29A1CB63009632C3 /* Shaders.metal in Sources */ = {isa = PBXBuildFile; fileRef = 7444A4DA29A1CB63009632C3 /* Shaders.metal */; };
		7444A4E329A1CB64009632C3 /* main.m in Sources */ = {isa = PBXBuildFile; fileRef = 7444A4E229A1CB64009632C3 /* main.m */; };
		7451041729C1538200F69BC4 /* SerializedWorldObject.cpp in Sources */ = {isa = PBXBuildFile; fileRef = 7451041529C1538100F69BC4 /* SerializedWorldObject.cpp */; };
		7456FCA529E7B11800398E86 /* RemoveObjectCommand.cpp in Sources */ = {isa = PBXBuildFile; fileRef = 7456FCA329E7B11800398E86 /* RemoveObjectCommand.cpp */; };
		7456FCA629E7B11800398E86 /* RemoveObjectCommand.cpp in Sources */ = {isa = PBXBuildFile; fileRef = 7456FCA329E7B11800398E86 /* RemoveObjectCommand.cpp */; };
		7456FCA929EA284C00398E86 /* AddObjectCommand.cpp in Sources */ = {isa = PBXBuildFile; fileRef = 7456FCA829EA284C00398E86 /* AddObjectCommand.cpp */; };
		7456FCAA29EA284C00398E86 /* AddObjectCommand.cpp in Sources */ = {isa = PBXBuildFile; fileRef = 7456FCA829EA284C00398E86 /* AddObjectCommand.cpp */; };
		748629C229F62C6C002407AA /* Animation.cpp in Sources */ = {isa = PBXBuildFile; fileRef = 748629C029F62C6C002407AA /* Animation.cpp */; };
		748629C329F62C6C002407AA /* Animation.cpp in Sources */ = {isa = PBXBuildFile; fileRef = 748629C029F62C6C002407AA /* Animation.cpp */; };
		748629C629F62F5B002407AA /* MoveCameraAnimation.cpp in Sources */ = {isa = PBXBuildFile; fileRef = 748629C429F62F5B002407AA /* MoveCameraAnimation.cpp */; };
		748629C729F62F5B002407AA /* MoveCameraAnimation.cpp in Sources */ = {isa = PBXBuildFile; fileRef = 748629C429F62F5B002407AA /* MoveCameraAnimation.cpp */; };
		74897E9B29EF56EC007A5CFE /* ObjectHeadersArray.cpp in Sources */ = {isa = PBXBuildFile; fileRef = 74897E9929EF56EC007A5CFE /* ObjectHeadersArray.cpp */; };
		74897E9C29EF56EC007A5CFE /* ObjectHeadersArray.cpp in Sources */ = {isa = PBXBuildFile; fileRef = 74897E9929EF56EC007A5CFE /* ObjectHeadersArray.cpp */; };
		74897E9F29EF8D5A007A5CFE /* SDFTorus.cpp in Sources */ = {isa = PBXBuildFile; fileRef = 74897E9E29EF8D5A007A5CFE /* SDFTorus.cpp */; };
		74897EA029EF8D5A007A5CFE /* SDFTorus.cpp in Sources */ = {isa = PBXBuildFile; fileRef = 74897E9E29EF8D5A007A5CFE /* SDFTorus.cpp */; };
		74897EA329EF93A6007A5CFE /* SDFCylinder.cpp in Sources */ = {isa = PBXBuildFile; fileRef = 74897EA229EF93A6007A5CFE /* SDFCylinder.cpp */; };
		74897EA429EF93A6007A5CFE /* SDFCylinder.cpp in Sources */ = {isa = PBXBuildFile; fileRef = 74897EA229EF93A6007A5CFE /* SDFCylinder.cpp */; };
		7492228629E0988A00ACCFBC /* MultiTouchCameraInteraction.mm in Sources */ = {isa = PBXBuildFile; fileRef = 7492228529E0988A00ACCFBC /* MultiTouchCameraInteraction.mm */; };
		7492228E29E2685F00ACCFBC /* Command.cpp in Sources */ = {isa = PBXBuildFile; fileRef = 7492228C29E2685F00ACCFBC /* Command.cpp */; };
		7492228F29E2685F00ACCFBC /* Command.cpp in Sources */ = {isa = PBXBuildFile; fileRef = 7492228C29E2685F00ACCFBC /* Command.cpp */; };
		7492229229E2689F00ACCFBC /* TransformObjectCommand.cpp in Sources */ = {isa = PBXBuildFile; fileRef = 7492229029E2689F00ACCFBC /* TransformObjectCommand.cpp */; };
		7492229329E2689F00ACCFBC /* TransformObjectCommand.cpp in Sources */ = {isa = PBXBuildFile; fileRef = 7492229029E2689F00ACCFBC /* TransformObjectCommand.cpp */; };
		74A18A7B29D8199E0010F1B4 /* Metal.framework in Frameworks */ = {isa = PBXBuildFile; fileRef = 74A18A7A29D8199E0010F1B4 /* Metal.framework */; };
		74A18A7D29D819A40010F1B4 /* MetalKit.framework in Frameworks */ = {isa = PBXBuildFile; fileRef = 74A18A7C29D819A40010F1B4 /* MetalKit.framework */; };
		74A18A8529D8B2B80010F1B4 /* Assets.xcassets in Resources */ = {isa = PBXBuildFile; fileRef = 74A18A8029D8B2B70010F1B4 /* Assets.xcassets */; };
		74A18A8629D8B2B80010F1B4 /* Main.storyboard in Resources */ = {isa = PBXBuildFile; fileRef = 74A18A8129D8B2B70010F1B4 /* Main.storyboard */; };
		74A18A8729D8B2B80010F1B4 /* AppDelegate.mm in Sources */ = {isa = PBXBuildFile; fileRef = 74A18A8429D8B2B70010F1B4 /* AppDelegate.mm */; };
		74A18A8E29D8B4D00010F1B4 /* MainViewControllerMacOS.mm in Sources */ = {isa = PBXBuildFile; fileRef = 74A18A8C29D8B4D00010F1B4 /* MainViewControllerMacOS.mm */; };
		74A18A9129D8B67C0010F1B4 /* MainViewControllerIOS.mm in Sources */ = {isa = PBXBuildFile; fileRef = 74A18A8F29D8B67C0010F1B4 /* MainViewControllerIOS.mm */; };
		74A18A9429D8B7990010F1B4 /* Camera.cpp in Sources */ = {isa = PBXBuildFile; fileRef = 74A18A9229D8B7990010F1B4 /* Camera.cpp */; };
		74A18A9529D9012A0010F1B4 /* Camera.cpp in Sources */ = {isa = PBXBuildFile; fileRef = 74A18A9229D8B7990010F1B4 /* Camera.cpp */; };
		74A18A9829D903050010F1B4 /* CameraInteraction.cpp in Sources */ = {isa = PBXBuildFile; fileRef = 74A18A9629D903050010F1B4 /* CameraInteraction.cpp */; };
		74A18A9929D903050010F1B4 /* CameraInteraction.cpp in Sources */ = {isa = PBXBuildFile; fileRef = 74A18A9629D903050010F1B4 /* CameraInteraction.cpp */; };
		74AAF26429D7BBC800D322DB /* AppDelegate.m in Sources */ = {isa = PBXBuildFile; fileRef = 74AAF26329D7BBC800D322DB /* AppDelegate.m */; };
		74AAF27029D7BBC800D322DB /* Main.storyboard in Resources */ = {isa = PBXBuildFile; fileRef = 74AAF26E29D7BBC800D322DB /* Main.storyboard */; };
		74AAF27229D7BBC900D322DB /* Assets.xcassets in Resources */ = {isa = PBXBuildFile; fileRef = 74AAF27129D7BBC900D322DB /* Assets.xcassets */; };
		74AAF27529D7BBC900D322DB /* LaunchScreen.storyboard in Resources */ = {isa = PBXBuildFile; fileRef = 74AAF27329D7BBC900D322DB /* LaunchScreen.storyboard */; };
		74AAF27729D7BBC900D322DB /* main.m in Sources */ = {isa = PBXBuildFile; fileRef = 74AAF27629D7BBC900D322DB /* main.m */; };
		74AAF27B29D7BC9E00D322DB /* FragmentShader.cpp in Sources */ = {isa = PBXBuildFile; fileRef = 74AF133929B442AE00F9BBA8 /* FragmentShader.cpp */; };
		74AAF27C29D7BC9E00D322DB /* PhongShader.cpp in Sources */ = {isa = PBXBuildFile; fileRef = 74AF133829B442AE00F9BBA8 /* PhongShader.cpp */; };
		74AAF27D29D7BC9E00D322DB /* CellShader.cpp in Sources */ = {isa = PBXBuildFile; fileRef = 74AF133F29B4466B00F9BBA8 /* CellShader.cpp */; };
		74AAF27E29D7BCA400D322DB /* Material.cpp in Sources */ = {isa = PBXBuildFile; fileRef = 74DAA70429ADB5C100171C03 /* Material.cpp */; };
		74AAF27F29D7BCA400D322DB /* GridMaterial.cpp in Sources */ = {isa = PBXBuildFile; fileRef = 74DAA70029ADB5C100171C03 /* GridMaterial.cpp */; };
		74AAF28029D7BCA400D322DB /* SimpleMaterial.cpp in Sources */ = {isa = PBXBuildFile; fileRef = 74DAA6FF29ADB5C100171C03 /* SimpleMaterial.cpp */; };
		74AAF28129D7BCA900D322DB /* StandardTransformers.cpp in Sources */ = {isa = PBXBuildFile; fileRef = 74DAA6F929ADB5B900171C03 /* StandardTransformers.cpp */; };
		74AAF28229D7BCA900D322DB /* Transformer.cpp in Sources */ = {isa = PBXBuildFile; fileRef = 74DAA6FA29ADB5B900171C03 /* Transformer.cpp */; };
		74AAF28329D7BCB100D322DB /* SDFSphere.cpp in Sources */ = {isa = PBXBuildFile; fileRef = 74DAA6F029ADB5A200171C03 /* SDFSphere.cpp */; };
		74AAF28529D7BCB100D322DB /* SDFPlane.cpp in Sources */ = {isa = PBXBuildFile; fileRef = 74DAA6EF29ADB5A200171C03 /* SDFPlane.cpp */; };
		74AAF28629D7BCB100D322DB /* SDFGeometry.cpp in Sources */ = {isa = PBXBuildFile; fileRef = 74DAA6F329ADB5A200171C03 /* SDFGeometry.cpp */; };
		74AAF28729D7BCB100D322DB /* SDFBox.cpp in Sources */ = {isa = PBXBuildFile; fileRef = 74FB546529B433CD00A20E26 /* SDFBox.cpp */; };
		74AAF28829D7BCB100D322DB /* SDFRoundedBox.cpp in Sources */ = {isa = PBXBuildFile; fileRef = 74DAA70829ADB85D00171C03 /* SDFRoundedBox.cpp */; };
		74AAF28B29D7BCC700D322DB /* ObjectType.cpp in Sources */ = {isa = PBXBuildFile; fileRef = 74F7646129CE87CF00CD5259 /* ObjectType.cpp */; };
		74AAF28C29D7BCC700D322DB /* CommonDefinitions.cpp in Sources */ = {isa = PBXBuildFile; fileRef = 74DAA6D129AC30A800171C03 /* CommonDefinitions.cpp */; };
		74AAF28F29D7BCD300D322DB /* SDFObject.cpp in Sources */ = {isa = PBXBuildFile; fileRef = 74DAA6E329AC7BD200171C03 /* SDFObject.cpp */; };
		74AAF29029D7BCD300D322DB /* Results..cpp in Sources */ = {isa = PBXBuildFile; fileRef = 74DAA6D529AC439E00171C03 /* Results..cpp */; };
		74AAF29129D7BCD300D322DB /* Culling.cpp in Sources */ = {isa = PBXBuildFile; fileRef = 74AF134429B53D5300F9BBA8 /* Culling.cpp */; };
		74AAF29229D7BCD300D322DB /* ObjectHeader.cpp in Sources */ = {isa = PBXBuildFile; fileRef = 74F7646729CE8BFC00CD5259 /* ObjectHeader.cpp */; };
		74AAF29329D7BCD300D322DB /* RenderFunctions.cpp in Sources */ = {isa = PBXBuildFile; fileRef = 74DAA70E29AEEE7200171C03 /* RenderFunctions.cpp */; };
		74AAF29429D7BCD300D322DB /* SerializedWorldObject.cpp in Sources */ = {isa = PBXBuildFile; fileRef = 7451041529C1538100F69BC4 /* SerializedWorldObject.cpp */; };
		74AAF29529D7BCD300D322DB /* PrimitiveEvaluator.cpp in Sources */ = {isa = PBXBuildFile; fileRef = 74F7646B29CF8FC500CD5259 /* PrimitiveEvaluator.cpp */; };
		74AAF29629D7BD3100D322DB /* Renderer.mm in Sources */ = {isa = PBXBuildFile; fileRef = 7444A4D529A1CB63009632C3 /* Renderer.mm */; };
		74AAF29729D7BED200D322DB /* Object3D.cpp in Sources */ = {isa = PBXBuildFile; fileRef = 74F7647129CF95D400CD5259 /* Object3D.cpp */; };
		74AAF29829D7BEE900D322DB /* MainViewController.mm in Sources */ = {isa = PBXBuildFile; fileRef = 7444A4D829A1CB63009632C3 /* MainViewController.mm */; };
		74AAF29929D7C1C500D322DB /* Shaders.metal in Sources */ = {isa = PBXBuildFile; fileRef = 7444A4DA29A1CB63009632C3 /* Shaders.metal */; };
		74AF133C29B442AE00F9BBA8 /* PhongShader.cpp in Sources */ = {isa = PBXBuildFile; fileRef = 74AF133829B442AE00F9BBA8 /* PhongShader.cpp */; };
		74AF133D29B442AE00F9BBA8 /* FragmentShader.cpp in Sources */ = {isa = PBXBuildFile; fileRef = 74AF133929B442AE00F9BBA8 /* FragmentShader.cpp */; };
		74AF134029B4466B00F9BBA8 /* CellShader.cpp in Sources */ = {isa = PBXBuildFile; fileRef = 74AF133F29B4466B00F9BBA8 /* CellShader.cpp */; };
		74AF134229B4665B00F9BBA8 /* RenderCPUViewController.mm in Sources */ = {isa = PBXBuildFile; fileRef = 74AF134129B4665B00F9BBA8 /* RenderCPUViewController.mm */; };
		74AF134629B53D5300F9BBA8 /* Culling.cpp in Sources */ = {isa = PBXBuildFile; fileRef = 74AF134429B53D5300F9BBA8 /* Culling.cpp */; };
		74DAA6D029AC2F8B00171C03 /* Ray.cpp in Sources */ = {isa = PBXBuildFile; fileRef = 74DAA6CF29AC2F8B00171C03 /* Ray.cpp */; };
		74DAA6D229AC30A800171C03 /* CommonDefinitions.cpp in Sources */ = {isa = PBXBuildFile; fileRef = 74DAA6D129AC30A800171C03 /* CommonDefinitions.cpp */; };
		74DAA6D629AC439E00171C03 /* Results..cpp in Sources */ = {isa = PBXBuildFile; fileRef = 74DAA6D529AC439E00171C03 /* Results..cpp */; };
		74DAA6E529AC7BD200171C03 /* SDFObject.cpp in Sources */ = {isa = PBXBuildFile; fileRef = 74DAA6E329AC7BD200171C03 /* SDFObject.cpp */; };
		74DAA6F429ADB5A200171C03 /* SDFPlane.cpp in Sources */ = {isa = PBXBuildFile; fileRef = 74DAA6EF29ADB5A200171C03 /* SDFPlane.cpp */; };
		74DAA6F529ADB5A200171C03 /* SDFSphere.cpp in Sources */ = {isa = PBXBuildFile; fileRef = 74DAA6F029ADB5A200171C03 /* SDFSphere.cpp */; };
		74DAA6F629ADB5A200171C03 /* SDFGeometry.cpp in Sources */ = {isa = PBXBuildFile; fileRef = 74DAA6F329ADB5A200171C03 /* SDFGeometry.cpp */; };
		74DAA6FC29ADB5B900171C03 /* StandardTransformers.cpp in Sources */ = {isa = PBXBuildFile; fileRef = 74DAA6F929ADB5B900171C03 /* StandardTransformers.cpp */; };
		74DAA6FD29ADB5B900171C03 /* Transformer.cpp in Sources */ = {isa = PBXBuildFile; fileRef = 74DAA6FA29ADB5B900171C03 /* Transformer.cpp */; };
		74DAA70529ADB5C100171C03 /* SimpleMaterial.cpp in Sources */ = {isa = PBXBuildFile; fileRef = 74DAA6FF29ADB5C100171C03 /* SimpleMaterial.cpp */; };
		74DAA70629ADB5C100171C03 /* GridMaterial.cpp in Sources */ = {isa = PBXBuildFile; fileRef = 74DAA70029ADB5C100171C03 /* GridMaterial.cpp */; };
		74DAA70729ADB5C100171C03 /* Material.cpp in Sources */ = {isa = PBXBuildFile; fileRef = 74DAA70429ADB5C100171C03 /* Material.cpp */; };
		74DAA70A29ADB85D00171C03 /* SDFRoundedBox.cpp in Sources */ = {isa = PBXBuildFile; fileRef = 74DAA70829ADB85D00171C03 /* SDFRoundedBox.cpp */; };
		74DAA71029AEEE7200171C03 /* RenderFunctions.cpp in Sources */ = {isa = PBXBuildFile; fileRef = 74DAA70E29AEEE7200171C03 /* RenderFunctions.cpp */; };
		74F7646329CE87CF00CD5259 /* ObjectType.cpp in Sources */ = {isa = PBXBuildFile; fileRef = 74F7646129CE87CF00CD5259 /* ObjectType.cpp */; };
		74F7646929CE8BFC00CD5259 /* ObjectHeader.cpp in Sources */ = {isa = PBXBuildFile; fileRef = 74F7646729CE8BFC00CD5259 /* ObjectHeader.cpp */; };
		74F7646C29CF8FC500CD5259 /* PrimitiveEvaluator.cpp in Sources */ = {isa = PBXBuildFile; fileRef = 74F7646B29CF8FC500CD5259 /* PrimitiveEvaluator.cpp */; };
		74F7646F29CF93FD00CD5259 /* Serializer.cpp in Sources */ = {isa = PBXBuildFile; fileRef = 74F7646D29CF93FD00CD5259 /* Serializer.cpp */; };
		74F7647229CF95D400CD5259 /* Object3D.cpp in Sources */ = {isa = PBXBuildFile; fileRef = 74F7647129CF95D400CD5259 /* Object3D.cpp */; };
		74FB546629B433CD00A20E26 /* SDFBox.cpp in Sources */ = {isa = PBXBuildFile; fileRef = 74FB546529B433CD00A20E26 /* SDFBox.cpp */; };
/* End PBXBuildFile section */

/* Begin PBXFileReference section */
		74087D8E29F0B1C000958CD7 /* BoundingBox.cpp */ = {isa = PBXFileReference; fileEncoding = 4; lastKnownFileType = sourcecode.cpp.cpp; path = BoundingBox.cpp; sourceTree = "<group>"; };
		74087D8F29F0B1C000958CD7 /* BoundingBox.h */ = {isa = PBXFileReference; fileEncoding = 4; lastKnownFileType = sourcecode.c.h; path = BoundingBox.h; sourceTree = "<group>"; };
		74087D9229F0B85E00958CD7 /* SerializationContext.cpp */ = {isa = PBXFileReference; fileEncoding = 4; lastKnownFileType = sourcecode.cpp.cpp; path = SerializationContext.cpp; sourceTree = "<group>"; };
		74087D9329F0B85E00958CD7 /* SerializationContext.h */ = {isa = PBXFileReference; fileEncoding = 4; lastKnownFileType = sourcecode.c.h; path = SerializationContext.h; sourceTree = "<group>"; };
		7431C49629DD116300DD4A74 /* Interaction.h */ = {isa = PBXFileReference; fileEncoding = 4; lastKnownFileType = sourcecode.c.h; path = Interaction.h; sourceTree = "<group>"; };
		7431C49729DD116300DD4A74 /* Interaction.cpp */ = {isa = PBXFileReference; fileEncoding = 4; lastKnownFileType = sourcecode.cpp.cpp; path = Interaction.cpp; sourceTree = "<group>"; };
		7431C49A29DD179D00DD4A74 /* Object3DInteraction.mm */ = {isa = PBXFileReference; fileEncoding = 4; lastKnownFileType = sourcecode.cpp.objcpp; path = Object3DInteraction.mm; sourceTree = "<group>"; };
		7431C49B29DD179D00DD4A74 /* Object3DInteraction.h */ = {isa = PBXFileReference; fileEncoding = 4; lastKnownFileType = sourcecode.c.h; path = Object3DInteraction.h; sourceTree = "<group>"; };
		743252BB29EE406F009A44EF /* ComputeDistance.h */ = {isa = PBXFileReference; fileEncoding = 4; lastKnownFileType = sourcecode.c.h; path = ComputeDistance.h; sourceTree = "<group>"; };
		743252BC29EE406F009A44EF /* ComputeDistance.cpp */ = {isa = PBXFileReference; fileEncoding = 4; lastKnownFileType = sourcecode.cpp.cpp; path = ComputeDistance.cpp; sourceTree = "<group>"; };
		743252BF29EE41A7009A44EF /* ShadedPrimitive.h */ = {isa = PBXFileReference; fileEncoding = 4; lastKnownFileType = sourcecode.c.h; path = ShadedPrimitive.h; sourceTree = "<group>"; };
		743252C029EE41A7009A44EF /* ShadedPrimitive.cpp */ = {isa = PBXFileReference; fileEncoding = 4; lastKnownFileType = sourcecode.cpp.cpp; path = ShadedPrimitive.cpp; sourceTree = "<group>"; };
		743252C329EE5C70009A44EF /* ToggleObjectOperationCommand.cpp */ = {isa = PBXFileReference; fileEncoding = 4; lastKnownFileType = sourcecode.cpp.cpp; path = ToggleObjectOperationCommand.cpp; sourceTree = "<group>"; };
		743252C429EE5C70009A44EF /* ToggleObjectOperationCommand.h */ = {isa = PBXFileReference; fileEncoding = 4; lastKnownFileType = sourcecode.c.h; path = ToggleObjectOperationCommand.h; sourceTree = "<group>"; };
		7444A4CE29A1CB63009632C3 /* SDFModeler.app */ = {isa = PBXFileReference; explicitFileType = wrapper.application; includeInIndex = 0; path = SDFModeler.app; sourceTree = BUILT_PRODUCTS_DIR; };
		7444A4D429A1CB63009632C3 /* Renderer.h */ = {isa = PBXFileReference; lastKnownFileType = sourcecode.c.h; path = Renderer.h; sourceTree = "<group>"; };
		7444A4D529A1CB63009632C3 /* Renderer.mm */ = {isa = PBXFileReference; lastKnownFileType = sourcecode.cpp.objcpp; path = Renderer.mm; sourceTree = "<group>"; };
		7444A4D729A1CB63009632C3 /* MainViewController.h */ = {isa = PBXFileReference; lastKnownFileType = sourcecode.c.h; path = MainViewController.h; sourceTree = "<group>"; };
		7444A4D829A1CB63009632C3 /* MainViewController.mm */ = {isa = PBXFileReference; lastKnownFileType = sourcecode.cpp.objcpp; path = MainViewController.mm; sourceTree = "<group>"; };
		7444A4DA29A1CB63009632C3 /* Shaders.metal */ = {isa = PBXFileReference; lastKnownFileType = sourcecode.metal; path = Shaders.metal; sourceTree = "<group>"; };
		7444A4DC29A1CB63009632C3 /* ShaderTypes.h */ = {isa = PBXFileReference; lastKnownFileType = sourcecode.c.h; path = ShaderTypes.h; sourceTree = "<group>"; };
		7444A4E029A1CB64009632C3 /* Base */ = {isa = PBXFileReference; lastKnownFileType = file.storyboard; name = Base; path = Base.lproj/Main.storyboard; sourceTree = "<group>"; };
		7444A4E229A1CB64009632C3 /* main.m */ = {isa = PBXFileReference; lastKnownFileType = sourcecode.c.objc; path = main.m; sourceTree = "<group>"; };
		7451041529C1538100F69BC4 /* SerializedWorldObject.cpp */ = {isa = PBXFileReference; fileEncoding = 4; lastKnownFileType = sourcecode.cpp.cpp; path = SerializedWorldObject.cpp; sourceTree = "<group>"; };
		7451041629C1538100F69BC4 /* SerializedWorldObject.h */ = {isa = PBXFileReference; fileEncoding = 4; lastKnownFileType = sourcecode.c.h; path = SerializedWorldObject.h; sourceTree = "<group>"; };
		7456FCA329E7B11800398E86 /* RemoveObjectCommand.cpp */ = {isa = PBXFileReference; fileEncoding = 4; lastKnownFileType = sourcecode.cpp.cpp; path = RemoveObjectCommand.cpp; sourceTree = "<group>"; };
		7456FCA429E7B11800398E86 /* RemoveObjectCommand.h */ = {isa = PBXFileReference; fileEncoding = 4; lastKnownFileType = sourcecode.c.h; path = RemoveObjectCommand.h; sourceTree = "<group>"; };
		7456FCA729EA284C00398E86 /* AddObjectCommand.h */ = {isa = PBXFileReference; fileEncoding = 4; lastKnownFileType = sourcecode.c.h; path = AddObjectCommand.h; sourceTree = "<group>"; };
		7456FCA829EA284C00398E86 /* AddObjectCommand.cpp */ = {isa = PBXFileReference; fileEncoding = 4; lastKnownFileType = sourcecode.cpp.cpp; path = AddObjectCommand.cpp; sourceTree = "<group>"; };
		748629C029F62C6C002407AA /* Animation.cpp */ = {isa = PBXFileReference; fileEncoding = 4; lastKnownFileType = sourcecode.cpp.cpp; path = Animation.cpp; sourceTree = "<group>"; };
		748629C129F62C6C002407AA /* Animation.h */ = {isa = PBXFileReference; fileEncoding = 4; lastKnownFileType = sourcecode.c.h; path = Animation.h; sourceTree = "<group>"; };
		748629C429F62F5B002407AA /* MoveCameraAnimation.cpp */ = {isa = PBXFileReference; fileEncoding = 4; lastKnownFileType = sourcecode.cpp.cpp; path = MoveCameraAnimation.cpp; sourceTree = "<group>"; };
		748629C529F62F5B002407AA /* MoveCameraAnimation.h */ = {isa = PBXFileReference; fileEncoding = 4; lastKnownFileType = sourcecode.c.h; path = MoveCameraAnimation.h; sourceTree = "<group>"; };
		74897E9929EF56EC007A5CFE /* ObjectHeadersArray.cpp */ = {isa = PBXFileReference; fileEncoding = 4; lastKnownFileType = sourcecode.cpp.cpp; path = ObjectHeadersArray.cpp; sourceTree = "<group>"; };
		74897E9A29EF56EC007A5CFE /* ObjectHeadersArray.h */ = {isa = PBXFileReference; fileEncoding = 4; lastKnownFileType = sourcecode.c.h; path = ObjectHeadersArray.h; sourceTree = "<group>"; };
		74897E9D29EF8D5A007A5CFE /* SDFTorus.h */ = {isa = PBXFileReference; fileEncoding = 4; lastKnownFileType = sourcecode.c.h; path = SDFTorus.h; sourceTree = "<group>"; };
		74897E9E29EF8D5A007A5CFE /* SDFTorus.cpp */ = {isa = PBXFileReference; fileEncoding = 4; lastKnownFileType = sourcecode.cpp.cpp; path = SDFTorus.cpp; sourceTree = "<group>"; };
		74897EA129EF93A6007A5CFE /* SDFCylinder.h */ = {isa = PBXFileReference; fileEncoding = 4; lastKnownFileType = sourcecode.c.h; path = SDFCylinder.h; sourceTree = "<group>"; };
		74897EA229EF93A6007A5CFE /* SDFCylinder.cpp */ = {isa = PBXFileReference; fileEncoding = 4; lastKnownFileType = sourcecode.cpp.cpp; path = SDFCylinder.cpp; sourceTree = "<group>"; };
		7492228429E0988A00ACCFBC /* MultiTouchCameraInteraction.h */ = {isa = PBXFileReference; fileEncoding = 4; lastKnownFileType = sourcecode.c.h; path = MultiTouchCameraInteraction.h; sourceTree = "<group>"; };
		7492228529E0988A00ACCFBC /* MultiTouchCameraInteraction.mm */ = {isa = PBXFileReference; fileEncoding = 4; lastKnownFileType = sourcecode.cpp.objcpp; path = MultiTouchCameraInteraction.mm; sourceTree = "<group>"; };
		7492228C29E2685F00ACCFBC /* Command.cpp */ = {isa = PBXFileReference; fileEncoding = 4; lastKnownFileType = sourcecode.cpp.cpp; path = Command.cpp; sourceTree = "<group>"; };
		7492228D29E2685F00ACCFBC /* Command.h */ = {isa = PBXFileReference; fileEncoding = 4; lastKnownFileType = sourcecode.c.h; path = Command.h; sourceTree = "<group>"; };
		7492229029E2689F00ACCFBC /* TransformObjectCommand.cpp */ = {isa = PBXFileReference; fileEncoding = 4; lastKnownFileType = sourcecode.cpp.cpp; path = TransformObjectCommand.cpp; sourceTree = "<group>"; };
		7492229129E2689F00ACCFBC /* TransformObjectCommand.h */ = {isa = PBXFileReference; fileEncoding = 4; lastKnownFileType = sourcecode.c.h; path = TransformObjectCommand.h; sourceTree = "<group>"; };
		74A18A7A29D8199E0010F1B4 /* Metal.framework */ = {isa = PBXFileReference; lastKnownFileType = wrapper.framework; name = Metal.framework; path = Platforms/iPhoneOS.platform/Developer/SDKs/iPhoneOS16.2.sdk/System/Library/Frameworks/Metal.framework; sourceTree = DEVELOPER_DIR; };
		74A18A7C29D819A40010F1B4 /* MetalKit.framework */ = {isa = PBXFileReference; lastKnownFileType = wrapper.framework; name = MetalKit.framework; path = Platforms/iPhoneOS.platform/Developer/SDKs/iPhoneOS16.2.sdk/System/Library/Frameworks/MetalKit.framework; sourceTree = DEVELOPER_DIR; };
		74A18A7F29D8B2B70010F1B4 /* AppDelegate.h */ = {isa = PBXFileReference; fileEncoding = 4; lastKnownFileType = sourcecode.c.h; path = AppDelegate.h; sourceTree = "<group>"; };
		74A18A8029D8B2B70010F1B4 /* Assets.xcassets */ = {isa = PBXFileReference; lastKnownFileType = folder.assetcatalog; path = Assets.xcassets; sourceTree = "<group>"; };
		74A18A8229D8B2B70010F1B4 /* Base */ = {isa = PBXFileReference; lastKnownFileType = file.storyboard; name = Base; path = Base.lproj/Main.storyboard; sourceTree = "<group>"; };
		74A18A8329D8B2B70010F1B4 /* SDFModeler.entitlements */ = {isa = PBXFileReference; fileEncoding = 4; lastKnownFileType = text.plist.entitlements; path = SDFModeler.entitlements; sourceTree = "<group>"; };
		74A18A8429D8B2B70010F1B4 /* AppDelegate.mm */ = {isa = PBXFileReference; fileEncoding = 4; lastKnownFileType = sourcecode.cpp.objcpp; path = AppDelegate.mm; sourceTree = "<group>"; };
		74A18A8929D8B3190010F1B4 /* en */ = {isa = PBXFileReference; lastKnownFileType = text.plist.strings; name = en; path = en.lproj/Main.strings; sourceTree = "<group>"; };
		74A18A8B29D8B3280010F1B4 /* en */ = {isa = PBXFileReference; lastKnownFileType = text.plist.strings; name = en; path = en.lproj/Main.strings; sourceTree = "<group>"; };
		74A18A8C29D8B4D00010F1B4 /* MainViewControllerMacOS.mm */ = {isa = PBXFileReference; lastKnownFileType = sourcecode.cpp.objcpp; path = MainViewControllerMacOS.mm; sourceTree = "<group>"; };
		74A18A8D29D8B4D00010F1B4 /* MainViewControllerMacOS.h */ = {isa = PBXFileReference; lastKnownFileType = sourcecode.c.h; path = MainViewControllerMacOS.h; sourceTree = "<group>"; };
		74A18A8F29D8B67C0010F1B4 /* MainViewControllerIOS.mm */ = {isa = PBXFileReference; lastKnownFileType = sourcecode.cpp.objcpp; path = MainViewControllerIOS.mm; sourceTree = "<group>"; };
		74A18A9029D8B67C0010F1B4 /* MainViewControllerIOS.h */ = {isa = PBXFileReference; lastKnownFileType = sourcecode.c.h; path = MainViewControllerIOS.h; sourceTree = "<group>"; };
		74A18A9229D8B7990010F1B4 /* Camera.cpp */ = {isa = PBXFileReference; lastKnownFileType = sourcecode.cpp.cpp; path = Camera.cpp; sourceTree = "<group>"; };
		74A18A9329D8B7990010F1B4 /* Camera.h */ = {isa = PBXFileReference; lastKnownFileType = sourcecode.c.h; path = Camera.h; sourceTree = "<group>"; };
		74A18A9629D903050010F1B4 /* CameraInteraction.cpp */ = {isa = PBXFileReference; lastKnownFileType = sourcecode.cpp.cpp; path = CameraInteraction.cpp; sourceTree = "<group>"; };
		74A18A9729D903050010F1B4 /* CameraInteraction.h */ = {isa = PBXFileReference; lastKnownFileType = sourcecode.c.h; path = CameraInteraction.h; sourceTree = "<group>"; };
		74AAF26029D7BBC800D322DB /* SDFModeler iOS.app */ = {isa = PBXFileReference; explicitFileType = wrapper.application; includeInIndex = 0; path = "SDFModeler iOS.app"; sourceTree = BUILT_PRODUCTS_DIR; };
		74AAF26229D7BBC800D322DB /* AppDelegate.h */ = {isa = PBXFileReference; lastKnownFileType = sourcecode.c.h; path = AppDelegate.h; sourceTree = "<group>"; };
		74AAF26329D7BBC800D322DB /* AppDelegate.m */ = {isa = PBXFileReference; lastKnownFileType = sourcecode.c.objc; path = AppDelegate.m; sourceTree = "<group>"; };
		74AAF26F29D7BBC800D322DB /* Base */ = {isa = PBXFileReference; lastKnownFileType = file.storyboard; name = Base; path = Base.lproj/Main.storyboard; sourceTree = "<group>"; };
		74AAF27129D7BBC900D322DB /* Assets.xcassets */ = {isa = PBXFileReference; lastKnownFileType = folder.assetcatalog; path = Assets.xcassets; sourceTree = "<group>"; };
		74AAF27429D7BBC900D322DB /* Base */ = {isa = PBXFileReference; lastKnownFileType = file.storyboard; name = Base; path = Base.lproj/LaunchScreen.storyboard; sourceTree = "<group>"; };
		74AAF27629D7BBC900D322DB /* main.m */ = {isa = PBXFileReference; lastKnownFileType = sourcecode.c.objc; path = main.m; sourceTree = "<group>"; };
		74AF133829B442AE00F9BBA8 /* PhongShader.cpp */ = {isa = PBXFileReference; fileEncoding = 4; lastKnownFileType = sourcecode.cpp.cpp; path = PhongShader.cpp; sourceTree = "<group>"; };
		74AF133929B442AE00F9BBA8 /* FragmentShader.cpp */ = {isa = PBXFileReference; fileEncoding = 4; lastKnownFileType = sourcecode.cpp.cpp; path = FragmentShader.cpp; sourceTree = "<group>"; };
		74AF133A29B442AE00F9BBA8 /* FragmentShader.h */ = {isa = PBXFileReference; fileEncoding = 4; lastKnownFileType = sourcecode.c.h; path = FragmentShader.h; sourceTree = "<group>"; };
		74AF133B29B442AE00F9BBA8 /* PhongShader.h */ = {isa = PBXFileReference; fileEncoding = 4; lastKnownFileType = sourcecode.c.h; path = PhongShader.h; sourceTree = "<group>"; };
		74AF133E29B4466B00F9BBA8 /* CellShader.h */ = {isa = PBXFileReference; fileEncoding = 4; lastKnownFileType = sourcecode.c.h; path = CellShader.h; sourceTree = "<group>"; };
		74AF133F29B4466B00F9BBA8 /* CellShader.cpp */ = {isa = PBXFileReference; fileEncoding = 4; lastKnownFileType = sourcecode.cpp.cpp; path = CellShader.cpp; sourceTree = "<group>"; };
		74AF134129B4665B00F9BBA8 /* RenderCPUViewController.mm */ = {isa = PBXFileReference; lastKnownFileType = sourcecode.cpp.objcpp; path = RenderCPUViewController.mm; sourceTree = "<group>"; };
		74AF134329B4669C00F9BBA8 /* RenderCPUViewController.h */ = {isa = PBXFileReference; lastKnownFileType = sourcecode.c.h; path = RenderCPUViewController.h; sourceTree = "<group>"; };
		74AF134429B53D5300F9BBA8 /* Culling.cpp */ = {isa = PBXFileReference; lastKnownFileType = sourcecode.cpp.cpp; path = Culling.cpp; sourceTree = "<group>"; };
		74AF134529B53D5300F9BBA8 /* Culling.h */ = {isa = PBXFileReference; lastKnownFileType = sourcecode.c.h; path = Culling.h; sourceTree = "<group>"; };
		74DAA6CD29AC2C1200171C03 /* CommonDefinitions.h */ = {isa = PBXFileReference; lastKnownFileType = sourcecode.c.h; path = CommonDefinitions.h; sourceTree = "<group>"; };
		74DAA6CE29AC2F3300171C03 /* Ray.h */ = {isa = PBXFileReference; lastKnownFileType = sourcecode.c.h; path = Ray.h; sourceTree = "<group>"; };
		74DAA6CF29AC2F8B00171C03 /* Ray.cpp */ = {isa = PBXFileReference; lastKnownFileType = sourcecode.cpp.cpp; path = Ray.cpp; sourceTree = "<group>"; };
		74DAA6D129AC30A800171C03 /* CommonDefinitions.cpp */ = {isa = PBXFileReference; lastKnownFileType = sourcecode.cpp.cpp; path = CommonDefinitions.cpp; sourceTree = "<group>"; };
		74DAA6D329AC420C00171C03 /* Uniforms.h */ = {isa = PBXFileReference; lastKnownFileType = sourcecode.c.h; path = Uniforms.h; sourceTree = "<group>"; };
		74DAA6D429AC432C00171C03 /* Results.h */ = {isa = PBXFileReference; lastKnownFileType = sourcecode.c.h; path = Results.h; sourceTree = "<group>"; };
		74DAA6D529AC439E00171C03 /* Results..cpp */ = {isa = PBXFileReference; lastKnownFileType = sourcecode.cpp.cpp; path = Results..cpp; sourceTree = "<group>"; };
		74DAA6E329AC7BD200171C03 /* SDFObject.cpp */ = {isa = PBXFileReference; lastKnownFileType = sourcecode.cpp.cpp; path = SDFObject.cpp; sourceTree = "<group>"; };
		74DAA6E429AC7BD200171C03 /* SDFObject.h */ = {isa = PBXFileReference; lastKnownFileType = sourcecode.c.h; path = SDFObject.h; sourceTree = "<group>"; };
		74DAA6EE29ADB5A200171C03 /* SDFPlane.h */ = {isa = PBXFileReference; fileEncoding = 4; lastKnownFileType = sourcecode.c.h; path = SDFPlane.h; sourceTree = "<group>"; };
		74DAA6EF29ADB5A200171C03 /* SDFPlane.cpp */ = {isa = PBXFileReference; fileEncoding = 4; lastKnownFileType = sourcecode.cpp.cpp; path = SDFPlane.cpp; sourceTree = "<group>"; };
		74DAA6F029ADB5A200171C03 /* SDFSphere.cpp */ = {isa = PBXFileReference; fileEncoding = 4; lastKnownFileType = sourcecode.cpp.cpp; path = SDFSphere.cpp; sourceTree = "<group>"; };
		74DAA6F129ADB5A200171C03 /* SDFGeometry.h */ = {isa = PBXFileReference; fileEncoding = 4; lastKnownFileType = sourcecode.c.h; path = SDFGeometry.h; sourceTree = "<group>"; };
		74DAA6F229ADB5A200171C03 /* SDFSphere.h */ = {isa = PBXFileReference; fileEncoding = 4; lastKnownFileType = sourcecode.c.h; path = SDFSphere.h; sourceTree = "<group>"; };
		74DAA6F329ADB5A200171C03 /* SDFGeometry.cpp */ = {isa = PBXFileReference; fileEncoding = 4; lastKnownFileType = sourcecode.cpp.cpp; path = SDFGeometry.cpp; sourceTree = "<group>"; };
		74DAA6F829ADB5B900171C03 /* StandardTransformers.h */ = {isa = PBXFileReference; fileEncoding = 4; lastKnownFileType = sourcecode.c.h; path = StandardTransformers.h; sourceTree = "<group>"; };
		74DAA6F929ADB5B900171C03 /* StandardTransformers.cpp */ = {isa = PBXFileReference; fileEncoding = 4; lastKnownFileType = sourcecode.cpp.cpp; path = StandardTransformers.cpp; sourceTree = "<group>"; };
		74DAA6FA29ADB5B900171C03 /* Transformer.cpp */ = {isa = PBXFileReference; fileEncoding = 4; lastKnownFileType = sourcecode.cpp.cpp; path = Transformer.cpp; sourceTree = "<group>"; };
		74DAA6FB29ADB5B900171C03 /* Transformer.h */ = {isa = PBXFileReference; fileEncoding = 4; lastKnownFileType = sourcecode.c.h; path = Transformer.h; sourceTree = "<group>"; };
		74DAA6FF29ADB5C100171C03 /* SimpleMaterial.cpp */ = {isa = PBXFileReference; fileEncoding = 4; lastKnownFileType = sourcecode.cpp.cpp; path = SimpleMaterial.cpp; sourceTree = "<group>"; };
		74DAA70029ADB5C100171C03 /* GridMaterial.cpp */ = {isa = PBXFileReference; fileEncoding = 4; lastKnownFileType = sourcecode.cpp.cpp; path = GridMaterial.cpp; sourceTree = "<group>"; };
		74DAA70129ADB5C100171C03 /* Material.h */ = {isa = PBXFileReference; fileEncoding = 4; lastKnownFileType = sourcecode.c.h; path = Material.h; sourceTree = "<group>"; };
		74DAA70229ADB5C100171C03 /* SimpleMaterial.h */ = {isa = PBXFileReference; fileEncoding = 4; lastKnownFileType = sourcecode.c.h; path = SimpleMaterial.h; sourceTree = "<group>"; };
		74DAA70329ADB5C100171C03 /* GridMaterial.h */ = {isa = PBXFileReference; fileEncoding = 4; lastKnownFileType = sourcecode.c.h; path = GridMaterial.h; sourceTree = "<group>"; };
		74DAA70429ADB5C100171C03 /* Material.cpp */ = {isa = PBXFileReference; fileEncoding = 4; lastKnownFileType = sourcecode.cpp.cpp; path = Material.cpp; sourceTree = "<group>"; };
		74DAA70829ADB85D00171C03 /* SDFRoundedBox.cpp */ = {isa = PBXFileReference; lastKnownFileType = sourcecode.cpp.cpp; path = SDFRoundedBox.cpp; sourceTree = "<group>"; };
		74DAA70929ADB85D00171C03 /* SDFRoundedBox.h */ = {isa = PBXFileReference; lastKnownFileType = sourcecode.c.h; path = SDFRoundedBox.h; sourceTree = "<group>"; };
		74DAA70E29AEEE7200171C03 /* RenderFunctions.cpp */ = {isa = PBXFileReference; lastKnownFileType = sourcecode.cpp.cpp; path = RenderFunctions.cpp; sourceTree = "<group>"; };
		74DAA70F29AEEE7200171C03 /* RenderFunctions.h */ = {isa = PBXFileReference; lastKnownFileType = sourcecode.c.h; path = RenderFunctions.h; sourceTree = "<group>"; };
		74F7646129CE87CF00CD5259 /* ObjectType.cpp */ = {isa = PBXFileReference; fileEncoding = 4; lastKnownFileType = sourcecode.cpp.cpp; path = ObjectType.cpp; sourceTree = "<group>"; };
		74F7646229CE87CF00CD5259 /* ObjectType.h */ = {isa = PBXFileReference; fileEncoding = 4; lastKnownFileType = sourcecode.c.h; path = ObjectType.h; sourceTree = "<group>"; };
		74F7646729CE8BFC00CD5259 /* ObjectHeader.cpp */ = {isa = PBXFileReference; fileEncoding = 4; lastKnownFileType = sourcecode.cpp.cpp; path = ObjectHeader.cpp; sourceTree = "<group>"; };
		74F7646829CE8BFC00CD5259 /* ObjectHeader.h */ = {isa = PBXFileReference; fileEncoding = 4; lastKnownFileType = sourcecode.c.h; path = ObjectHeader.h; sourceTree = "<group>"; };
		74F7646A29CF8FC500CD5259 /* PrimitiveEvaluator.h */ = {isa = PBXFileReference; fileEncoding = 4; lastKnownFileType = sourcecode.c.h; path = PrimitiveEvaluator.h; sourceTree = "<group>"; };
		74F7646B29CF8FC500CD5259 /* PrimitiveEvaluator.cpp */ = {isa = PBXFileReference; fileEncoding = 4; lastKnownFileType = sourcecode.cpp.cpp; path = PrimitiveEvaluator.cpp; sourceTree = "<group>"; };
		74F7646D29CF93FD00CD5259 /* Serializer.cpp */ = {isa = PBXFileReference; fileEncoding = 4; lastKnownFileType = sourcecode.cpp.cpp; path = Serializer.cpp; sourceTree = "<group>"; };
		74F7646E29CF93FD00CD5259 /* Serializer.h */ = {isa = PBXFileReference; fileEncoding = 4; lastKnownFileType = sourcecode.c.h; path = Serializer.h; sourceTree = "<group>"; };
		74F7647029CF95D400CD5259 /* Object3D.h */ = {isa = PBXFileReference; fileEncoding = 4; lastKnownFileType = sourcecode.c.h; path = Object3D.h; sourceTree = "<group>"; };
		74F7647129CF95D400CD5259 /* Object3D.cpp */ = {isa = PBXFileReference; fileEncoding = 4; lastKnownFileType = sourcecode.cpp.cpp; path = Object3D.cpp; sourceTree = "<group>"; };
		74FB546429B433CD00A20E26 /* SDFBox.h */ = {isa = PBXFileReference; fileEncoding = 4; lastKnownFileType = sourcecode.c.h; path = SDFBox.h; sourceTree = "<group>"; };
		74FB546529B433CD00A20E26 /* SDFBox.cpp */ = {isa = PBXFileReference; fileEncoding = 4; lastKnownFileType = sourcecode.cpp.cpp; path = SDFBox.cpp; sourceTree = "<group>"; };
/* End PBXFileReference section */

/* Begin PBXFrameworksBuildPhase section */
		7444A4CB29A1CB63009632C3 /* Frameworks */ = {
			isa = PBXFrameworksBuildPhase;
			buildActionMask = 2147483647;
			files = (
			);
			runOnlyForDeploymentPostprocessing = 0;
		};
		74AAF25D29D7BBC800D322DB /* Frameworks */ = {
			isa = PBXFrameworksBuildPhase;
			buildActionMask = 2147483647;
			files = (
				74A18A7D29D819A40010F1B4 /* MetalKit.framework in Frameworks */,
				74A18A7B29D8199E0010F1B4 /* Metal.framework in Frameworks */,
			);
			runOnlyForDeploymentPostprocessing = 0;
		};
/* End PBXFrameworksBuildPhase section */

/* Begin PBXGroup section */
		7444A4C529A1CB63009632C3 = {
			isa = PBXGroup;
			children = (
				7444A4D029A1CB63009632C3 /* Sources */,
				74A18A7E29D8B2B70010F1B4 /* macOS */,
				74AAF26129D7BBC800D322DB /* iOS */,
				7444A4CF29A1CB63009632C3 /* Products */,
				74A18A7929D8199D0010F1B4 /* Frameworks */,
			);
			sourceTree = "<group>";
		};
		7444A4CF29A1CB63009632C3 /* Products */ = {
			isa = PBXGroup;
			children = (
				7444A4CE29A1CB63009632C3 /* SDFModeler.app */,
				74AAF26029D7BBC800D322DB /* SDFModeler iOS.app */,
			);
			name = Products;
			sourceTree = "<group>";
		};
		7444A4D029A1CB63009632C3 /* Sources */ = {
			isa = PBXGroup;
			children = (
				7444A4DA29A1CB63009632C3 /* Shaders.metal */,
				74AF133729B442AE00F9BBA8 /* FragmentShader */,
				74DAA6FE29ADB5C100171C03 /* Material */,
				74DAA6F729ADB5B900171C03 /* Transformer */,
				74DAA6ED29ADB5A200171C03 /* SDFGeometry */,
				7492228B29E2685F00ACCFBC /* Commands */,
				74F7646D29CF93FD00CD5259 /* Serializer.cpp */,
				74F7646E29CF93FD00CD5259 /* Serializer.h */,
				74F7647129CF95D400CD5259 /* Object3D.cpp */,
				74F7647029CF95D400CD5259 /* Object3D.h */,
				743252BC29EE406F009A44EF /* ComputeDistance.cpp */,
				743252BB29EE406F009A44EF /* ComputeDistance.h */,
				743252C029EE41A7009A44EF /* ShadedPrimitive.cpp */,
				743252BF29EE41A7009A44EF /* ShadedPrimitive.h */,
				7444A4D429A1CB63009632C3 /* Renderer.h */,
				7444A4D529A1CB63009632C3 /* Renderer.mm */,
				7444A4D729A1CB63009632C3 /* MainViewController.h */,
				7444A4D829A1CB63009632C3 /* MainViewController.mm */,
				74AF134329B4669C00F9BBA8 /* RenderCPUViewController.h */,
				74AF134129B4665B00F9BBA8 /* RenderCPUViewController.mm */,
				74DAA6D329AC420C00171C03 /* Uniforms.h */,
				74F7646129CE87CF00CD5259 /* ObjectType.cpp */,
				74F7646229CE87CF00CD5259 /* ObjectType.h */,
				7444A4DC29A1CB63009632C3 /* ShaderTypes.h */,
				74DAA6CD29AC2C1200171C03 /* CommonDefinitions.h */,
				74DAA6D129AC30A800171C03 /* CommonDefinitions.cpp */,
				74DAA6CE29AC2F3300171C03 /* Ray.h */,
				74DAA6CF29AC2F8B00171C03 /* Ray.cpp */,
				74087D8E29F0B1C000958CD7 /* BoundingBox.cpp */,
				74087D8F29F0B1C000958CD7 /* BoundingBox.h */,
				74DAA6D429AC432C00171C03 /* Results.h */,
				74DAA6D529AC439E00171C03 /* Results..cpp */,
				74DAA6E329AC7BD200171C03 /* SDFObject.cpp */,
				74DAA6E429AC7BD200171C03 /* SDFObject.h */,
				74087D9229F0B85E00958CD7 /* SerializationContext.cpp */,
				74087D9329F0B85E00958CD7 /* SerializationContext.h */,
				7451041529C1538100F69BC4 /* SerializedWorldObject.cpp */,
				7451041629C1538100F69BC4 /* SerializedWorldObject.h */,
				74F7646729CE8BFC00CD5259 /* ObjectHeader.cpp */,
				74F7646829CE8BFC00CD5259 /* ObjectHeader.h */,
				74897E9929EF56EC007A5CFE /* ObjectHeadersArray.cpp */,
				74897E9A29EF56EC007A5CFE /* ObjectHeadersArray.h */,
				74F7646B29CF8FC500CD5259 /* PrimitiveEvaluator.cpp */,
				74F7646A29CF8FC500CD5259 /* PrimitiveEvaluator.h */,
				74AF134529B53D5300F9BBA8 /* Culling.h */,
				74AF134429B53D5300F9BBA8 /* Culling.cpp */,
				74DAA70E29AEEE7200171C03 /* RenderFunctions.cpp */,
				74DAA70F29AEEE7200171C03 /* RenderFunctions.h */,
				7444A4DF29A1CB64009632C3 /* Main.storyboard */,
				7444A4E229A1CB64009632C3 /* main.m */,
				74A18A9229D8B7990010F1B4 /* Camera.cpp */,
				74A18A9329D8B7990010F1B4 /* Camera.h */,
				7431C49729DD116300DD4A74 /* Interaction.cpp */,
				7431C49629DD116300DD4A74 /* Interaction.h */,
				748629C029F62C6C002407AA /* Animation.cpp */,
				748629C129F62C6C002407AA /* Animation.h */,
				74A18A9629D903050010F1B4 /* CameraInteraction.cpp */,
				74A18A9729D903050010F1B4 /* CameraInteraction.h */,
				748629C429F62F5B002407AA /* MoveCameraAnimation.cpp */,
				748629C529F62F5B002407AA /* MoveCameraAnimation.h */,
				7431C49A29DD179D00DD4A74 /* Object3DInteraction.mm */,
				7431C49B29DD179D00DD4A74 /* Object3DInteraction.h */,
			);
			path = Sources;
			sourceTree = "<group>";
		};
		7492228B29E2685F00ACCFBC /* Commands */ = {
			isa = PBXGroup;
			children = (
				7492229029E2689F00ACCFBC /* TransformObjectCommand.cpp */,
				7492229129E2689F00ACCFBC /* TransformObjectCommand.h */,
				7456FCA829EA284C00398E86 /* AddObjectCommand.cpp */,
				7456FCA729EA284C00398E86 /* AddObjectCommand.h */,
				7456FCA329E7B11800398E86 /* RemoveObjectCommand.cpp */,
				7456FCA429E7B11800398E86 /* RemoveObjectCommand.h */,
				743252C329EE5C70009A44EF /* ToggleObjectOperationCommand.cpp */,
				743252C429EE5C70009A44EF /* ToggleObjectOperationCommand.h */,
				7492228C29E2685F00ACCFBC /* Command.cpp */,
				7492228D29E2685F00ACCFBC /* Command.h */,
			);
			path = Commands;
			sourceTree = "<group>";
		};
		74A18A7929D8199D0010F1B4 /* Frameworks */ = {
			isa = PBXGroup;
			children = (
				74A18A7C29D819A40010F1B4 /* MetalKit.framework */,
				74A18A7A29D8199E0010F1B4 /* Metal.framework */,
			);
			name = Frameworks;
			sourceTree = "<group>";
		};
		74A18A7E29D8B2B70010F1B4 /* macOS */ = {
			isa = PBXGroup;
			children = (
				74A18A7F29D8B2B70010F1B4 /* AppDelegate.h */,
				74A18A8029D8B2B70010F1B4 /* Assets.xcassets */,
				74A18A8129D8B2B70010F1B4 /* Main.storyboard */,
				74A18A8329D8B2B70010F1B4 /* SDFModeler.entitlements */,
				74A18A8429D8B2B70010F1B4 /* AppDelegate.mm */,
				74A18A8C29D8B4D00010F1B4 /* MainViewControllerMacOS.mm */,
				74A18A8D29D8B4D00010F1B4 /* MainViewControllerMacOS.h */,
			);
			path = macOS;
			sourceTree = "<group>";
		};
		74AAF26129D7BBC800D322DB /* iOS */ = {
			isa = PBXGroup;
			children = (
				74AAF26229D7BBC800D322DB /* AppDelegate.h */,
				74AAF26329D7BBC800D322DB /* AppDelegate.m */,
				74AAF26E29D7BBC800D322DB /* Main.storyboard */,
				74AAF27129D7BBC900D322DB /* Assets.xcassets */,
				74AAF27329D7BBC900D322DB /* LaunchScreen.storyboard */,
				74AAF27629D7BBC900D322DB /* main.m */,
				74A18A8F29D8B67C0010F1B4 /* MainViewControllerIOS.mm */,
				74A18A9029D8B67C0010F1B4 /* MainViewControllerIOS.h */,
				7492228529E0988A00ACCFBC /* MultiTouchCameraInteraction.mm */,
				7492228429E0988A00ACCFBC /* MultiTouchCameraInteraction.h */,
			);
			path = iOS;
			sourceTree = "<group>";
		};
		74AF133729B442AE00F9BBA8 /* FragmentShader */ = {
			isa = PBXGroup;
			children = (
				74AF133929B442AE00F9BBA8 /* FragmentShader.cpp */,
				74AF133A29B442AE00F9BBA8 /* FragmentShader.h */,
				74AF133829B442AE00F9BBA8 /* PhongShader.cpp */,
				74AF133B29B442AE00F9BBA8 /* PhongShader.h */,
				74AF133F29B4466B00F9BBA8 /* CellShader.cpp */,
				74AF133E29B4466B00F9BBA8 /* CellShader.h */,
			);
			path = FragmentShader;
			sourceTree = "<group>";
		};
		74DAA6ED29ADB5A200171C03 /* SDFGeometry */ = {
			isa = PBXGroup;
			children = (
				74DAA6EE29ADB5A200171C03 /* SDFPlane.h */,
				74DAA6EF29ADB5A200171C03 /* SDFPlane.cpp */,
				74DAA6F129ADB5A200171C03 /* SDFGeometry.h */,
				74DAA6F329ADB5A200171C03 /* SDFGeometry.cpp */,
				74DAA6F229ADB5A200171C03 /* SDFSphere.h */,
				74DAA6F029ADB5A200171C03 /* SDFSphere.cpp */,
				74FB546429B433CD00A20E26 /* SDFBox.h */,
				74FB546529B433CD00A20E26 /* SDFBox.cpp */,
				74DAA70929ADB85D00171C03 /* SDFRoundedBox.h */,
				74DAA70829ADB85D00171C03 /* SDFRoundedBox.cpp */,
				74897E9E29EF8D5A007A5CFE /* SDFTorus.cpp */,
				74897E9D29EF8D5A007A5CFE /* SDFTorus.h */,
				74897EA229EF93A6007A5CFE /* SDFCylinder.cpp */,
				74897EA129EF93A6007A5CFE /* SDFCylinder.h */,
			);
			path = SDFGeometry;
			sourceTree = "<group>";
		};
		74DAA6F729ADB5B900171C03 /* Transformer */ = {
			isa = PBXGroup;
			children = (
				74DAA6F829ADB5B900171C03 /* StandardTransformers.h */,
				74DAA6F929ADB5B900171C03 /* StandardTransformers.cpp */,
				74DAA6FA29ADB5B900171C03 /* Transformer.cpp */,
				74DAA6FB29ADB5B900171C03 /* Transformer.h */,
			);
			path = Transformer;
			sourceTree = "<group>";
		};
		74DAA6FE29ADB5C100171C03 /* Material */ = {
			isa = PBXGroup;
			children = (
				74DAA6FF29ADB5C100171C03 /* SimpleMaterial.cpp */,
				74DAA70229ADB5C100171C03 /* SimpleMaterial.h */,
				74DAA70029ADB5C100171C03 /* GridMaterial.cpp */,
				74DAA70129ADB5C100171C03 /* Material.h */,
				74DAA70329ADB5C100171C03 /* GridMaterial.h */,
				74DAA70429ADB5C100171C03 /* Material.cpp */,
			);
			path = Material;
			sourceTree = "<group>";
		};
/* End PBXGroup section */

/* Begin PBXNativeTarget section */
		7444A4CD29A1CB63009632C3 /* SDFModeler */ = {
			isa = PBXNativeTarget;
			buildConfigurationList = 7444A4E729A1CB64009632C3 /* Build configuration list for PBXNativeTarget "SDFModeler" */;
			buildPhases = (
				7444A4CA29A1CB63009632C3 /* Sources */,
				7444A4CB29A1CB63009632C3 /* Frameworks */,
				7444A4CC29A1CB63009632C3 /* Resources */,
			);
			buildRules = (
			);
			dependencies = (
			);
			name = SDFModeler;
			productName = TestRayMarching;
			productReference = 7444A4CE29A1CB63009632C3 /* SDFModeler.app */;
			productType = "com.apple.product-type.application";
		};
		74AAF25F29D7BBC800D322DB /* SDFModeler iOS */ = {
			isa = PBXNativeTarget;
			buildConfigurationList = 74AAF27A29D7BBC900D322DB /* Build configuration list for PBXNativeTarget "SDFModeler iOS" */;
			buildPhases = (
				74AAF25C29D7BBC800D322DB /* Sources */,
				74AAF25D29D7BBC800D322DB /* Frameworks */,
				74AAF25E29D7BBC800D322DB /* Resources */,
			);
			buildRules = (
			);
			dependencies = (
			);
			name = "SDFModeler iOS";
			productName = SDFModel;
			productReference = 74AAF26029D7BBC800D322DB /* SDFModeler iOS.app */;
			productType = "com.apple.product-type.application";
		};
/* End PBXNativeTarget section */

/* Begin PBXProject section */
		7444A4C629A1CB63009632C3 /* Project object */ = {
			isa = PBXProject;
			attributes = {
				BuildIndependentTargetsInParallel = 1;
				LastUpgradeCheck = 1420;
				TargetAttributes = {
					7444A4CD29A1CB63009632C3 = {
						CreatedOnToolsVersion = 14.2;
					};
					74AAF25F29D7BBC800D322DB = {
						CreatedOnToolsVersion = 14.2;
					};
				};
			};
			buildConfigurationList = 7444A4C929A1CB63009632C3 /* Build configuration list for PBXProject "SDFModeler" */;
			compatibilityVersion = "Xcode 14.0";
			developmentRegion = en;
			hasScannedForEncodings = 0;
			knownRegions = (
				en,
				Base,
			);
			mainGroup = 7444A4C529A1CB63009632C3;
			productRefGroup = 7444A4CF29A1CB63009632C3 /* Products */;
			projectDirPath = "";
			projectRoot = "";
			targets = (
				7444A4CD29A1CB63009632C3 /* SDFModeler */,
				74AAF25F29D7BBC800D322DB /* SDFModeler iOS */,
			);
		};
/* End PBXProject section */

/* Begin PBXResourcesBuildPhase section */
		7444A4CC29A1CB63009632C3 /* Resources */ = {
			isa = PBXResourcesBuildPhase;
			buildActionMask = 2147483647;
			files = (
				74A18A8629D8B2B80010F1B4 /* Main.storyboard in Resources */,
				74A18A8529D8B2B80010F1B4 /* Assets.xcassets in Resources */,
			);
			runOnlyForDeploymentPostprocessing = 0;
		};
		74AAF25E29D7BBC800D322DB /* Resources */ = {
			isa = PBXResourcesBuildPhase;
			buildActionMask = 2147483647;
			files = (
				74AAF27529D7BBC900D322DB /* LaunchScreen.storyboard in Resources */,
				74AAF27229D7BBC900D322DB /* Assets.xcassets in Resources */,
				74AAF27029D7BBC800D322DB /* Main.storyboard in Resources */,
			);
			runOnlyForDeploymentPostprocessing = 0;
		};
/* End PBXResourcesBuildPhase section */

/* Begin PBXSourcesBuildPhase section */
		7444A4CA29A1CB63009632C3 /* Sources */ = {
			isa = PBXSourcesBuildPhase;
			buildActionMask = 2147483647;
			files = (
				74DAA6D229AC30A800171C03 /* CommonDefinitions.cpp in Sources */,
				7492228E29E2685F00ACCFBC /* Command.cpp in Sources */,
				74F7647229CF95D400CD5259 /* Object3D.cpp in Sources */,
				74F7646929CE8BFC00CD5259 /* ObjectHeader.cpp in Sources */,
				74FB546629B433CD00A20E26 /* SDFBox.cpp in Sources */,
				74DAA6D029AC2F8B00171C03 /* Ray.cpp in Sources */,
				74DAA6D629AC439E00171C03 /* Results..cpp in Sources */,
				74DAA6FC29ADB5B900171C03 /* StandardTransformers.cpp in Sources */,
				743252C529EE5C70009A44EF /* ToggleObjectOperationCommand.cpp in Sources */,
				74AF134029B4466B00F9BBA8 /* CellShader.cpp in Sources */,
				7444A4E329A1CB64009632C3 /* main.m in Sources */,
				74AF134629B53D5300F9BBA8 /* Culling.cpp in Sources */,
				7444A4DB29A1CB63009632C3 /* Shaders.metal in Sources */,
				74F7646329CE87CF00CD5259 /* ObjectType.cpp in Sources */,
				74F7646C29CF8FC500CD5259 /* PrimitiveEvaluator.cpp in Sources */,
				74DAA70629ADB5C100171C03 /* GridMaterial.cpp in Sources */,
				7451041729C1538200F69BC4 /* SerializedWorldObject.cpp in Sources */,
				7431C49829DD116300DD4A74 /* Interaction.cpp in Sources */,
				748629C629F62F5B002407AA /* MoveCameraAnimation.cpp in Sources */,
				74DAA71029AEEE7200171C03 /* RenderFunctions.cpp in Sources */,
				74DAA70729ADB5C100171C03 /* Material.cpp in Sources */,
				74DAA6F529ADB5A200171C03 /* SDFSphere.cpp in Sources */,
				7456FCA929EA284C00398E86 /* AddObjectCommand.cpp in Sources */,
				74087D9029F0B1C000958CD7 /* BoundingBox.cpp in Sources */,
				74A18A8729D8B2B80010F1B4 /* AppDelegate.mm in Sources */,
				748629C229F62C6C002407AA /* Animation.cpp in Sources */,
				743252BD29EE406F009A44EF /* ComputeDistance.cpp in Sources */,
				74AF133C29B442AE00F9BBA8 /* PhongShader.cpp in Sources */,
				7431C49C29DD179D00DD4A74 /* Object3DInteraction.mm in Sources */,
				74DAA70529ADB5C100171C03 /* SimpleMaterial.cpp in Sources */,
				74087D9429F0B85E00958CD7 /* SerializationContext.cpp in Sources */,
				74AF133D29B442AE00F9BBA8 /* FragmentShader.cpp in Sources */,
				743252C129EE41A7009A44EF /* ShadedPrimitive.cpp in Sources */,
				74AF134229B4665B00F9BBA8 /* RenderCPUViewController.mm in Sources */,
				74DAA6F429ADB5A200171C03 /* SDFPlane.cpp in Sources */,
				74DAA6F629ADB5A200171C03 /* SDFGeometry.cpp in Sources */,
				74A18A9829D903050010F1B4 /* CameraInteraction.cpp in Sources */,
				74897E9B29EF56EC007A5CFE /* ObjectHeadersArray.cpp in Sources */,
				74DAA6FD29ADB5B900171C03 /* Transformer.cpp in Sources */,
				7444A4D629A1CB63009632C3 /* Renderer.mm in Sources */,
				74897E9F29EF8D5A007A5CFE /* SDFTorus.cpp in Sources */,
				7444A4D929A1CB63009632C3 /* MainViewController.mm in Sources */,
				7492229229E2689F00ACCFBC /* TransformObjectCommand.cpp in Sources */,
				74897EA329EF93A6007A5CFE /* SDFCylinder.cpp in Sources */,
				74DAA6E529AC7BD200171C03 /* SDFObject.cpp in Sources */,
				74A18A9529D9012A0010F1B4 /* Camera.cpp in Sources */,
				74DAA70A29ADB85D00171C03 /* SDFRoundedBox.cpp in Sources */,
				7456FCA529E7B11800398E86 /* RemoveObjectCommand.cpp in Sources */,
				74A18A8E29D8B4D00010F1B4 /* MainViewControllerMacOS.mm in Sources */,
				74F7646F29CF93FD00CD5259 /* Serializer.cpp in Sources */,
			);
			runOnlyForDeploymentPostprocessing = 0;
		};
		74AAF25C29D7BBC800D322DB /* Sources */ = {
			isa = PBXSourcesBuildPhase;
			buildActionMask = 2147483647;
			files = (
				7431C49D29DD179D00DD4A74 /* Object3DInteraction.mm in Sources */,
				74AAF29829D7BEE900D322DB /* MainViewController.mm in Sources */,
				74AAF28029D7BCA400D322DB /* SimpleMaterial.cpp in Sources */,
				74A18A9429D8B7990010F1B4 /* Camera.cpp in Sources */,
				74AAF27729D7BBC900D322DB /* main.m in Sources */,
				74AAF28329D7BCB100D322DB /* SDFSphere.cpp in Sources */,
				74AAF28229D7BCA900D322DB /* Transformer.cpp in Sources */,
				74AAF28B29D7BCC700D322DB /* ObjectType.cpp in Sources */,
				74A18A9129D8B67C0010F1B4 /* MainViewControllerIOS.mm in Sources */,
				74AAF28F29D7BCD300D322DB /* SDFObject.cpp in Sources */,
				74AAF28C29D7BCC700D322DB /* CommonDefinitions.cpp in Sources */,
				74AAF29029D7BCD300D322DB /* Results..cpp in Sources */,
				7492228629E0988A00ACCFBC /* MultiTouchCameraInteraction.mm in Sources */,
				7456FCA629E7B11800398E86 /* RemoveObjectCommand.cpp in Sources */,
				74AAF29629D7BD3100D322DB /* Renderer.mm in Sources */,
				74AAF28629D7BCB100D322DB /* SDFGeometry.cpp in Sources */,
				74AAF27B29D7BC9E00D322DB /* FragmentShader.cpp in Sources */,
				743252C629EE5C70009A44EF /* ToggleObjectOperationCommand.cpp in Sources */,
				74897E9C29EF56EC007A5CFE /* ObjectHeadersArray.cpp in Sources */,
				74AAF28129D7BCA900D322DB /* StandardTransformers.cpp in Sources */,
				74AAF27C29D7BC9E00D322DB /* PhongShader.cpp in Sources */,
				7492228F29E2685F00ACCFBC /* Command.cpp in Sources */,
				74897EA429EF93A6007A5CFE /* SDFCylinder.cpp in Sources */,
				74897EA029EF8D5A007A5CFE /* SDFTorus.cpp in Sources */,
				748629C729F62F5B002407AA /* MoveCameraAnimation.cpp in Sources */,
				74AAF28529D7BCB100D322DB /* SDFPlane.cpp in Sources */,
				74AAF29529D7BCD300D322DB /* PrimitiveEvaluator.cpp in Sources */,
				74AAF29229D7BCD300D322DB /* ObjectHeader.cpp in Sources */,
				7456FCAA29EA284C00398E86 /* AddObjectCommand.cpp in Sources */,
				74AAF27D29D7BC9E00D322DB /* CellShader.cpp in Sources */,
				743252C229EE41A7009A44EF /* ShadedPrimitive.cpp in Sources */,
				74AAF29129D7BCD300D322DB /* Culling.cpp in Sources */,
				74AAF26429D7BBC800D322DB /* AppDelegate.m in Sources */,
				74087D9529F0B85E00958CD7 /* SerializationContext.cpp in Sources */,
				743252BE29EE406F009A44EF /* ComputeDistance.cpp in Sources */,
				74AAF29429D7BCD300D322DB /* SerializedWorldObject.cpp in Sources */,
				74AAF27F29D7BCA400D322DB /* GridMaterial.cpp in Sources */,
				7492229329E2689F00ACCFBC /* TransformObjectCommand.cpp in Sources */,
				7431C49929DD116300DD4A74 /* Interaction.cpp in Sources */,
				74AAF29329D7BCD300D322DB /* RenderFunctions.cpp in Sources */,
				74AAF27E29D7BCA400D322DB /* Material.cpp in Sources */,
				74087D9129F0B1C000958CD7 /* BoundingBox.cpp in Sources */,
				74AAF28829D7BCB100D322DB /* SDFRoundedBox.cpp in Sources */,
				74AAF29929D7C1C500D322DB /* Shaders.metal in Sources */,
				74AAF28729D7BCB100D322DB /* SDFBox.cpp in Sources */,
				74A18A9929D903050010F1B4 /* CameraInteraction.cpp in Sources */,
				74AAF29729D7BED200D322DB /* Object3D.cpp in Sources */,
				748629C329F62C6C002407AA /* Animation.cpp in Sources */,
			);
			runOnlyForDeploymentPostprocessing = 0;
		};
/* End PBXSourcesBuildPhase section */

/* Begin PBXVariantGroup section */
		7444A4DF29A1CB64009632C3 /* Main.storyboard */ = {
			isa = PBXVariantGroup;
			children = (
				7444A4E029A1CB64009632C3 /* Base */,
			);
			name = Main.storyboard;
			sourceTree = "<group>";
		};
		74A18A8129D8B2B70010F1B4 /* Main.storyboard */ = {
			isa = PBXVariantGroup;
			children = (
				74A18A8229D8B2B70010F1B4 /* Base */,
				74A18A8929D8B3190010F1B4 /* en */,
			);
			name = Main.storyboard;
			sourceTree = "<group>";
		};
		74AAF26E29D7BBC800D322DB /* Main.storyboard */ = {
			isa = PBXVariantGroup;
			children = (
				74AAF26F29D7BBC800D322DB /* Base */,
				74A18A8B29D8B3280010F1B4 /* en */,
			);
			name = Main.storyboard;
			sourceTree = "<group>";
		};
		74AAF27329D7BBC900D322DB /* LaunchScreen.storyboard */ = {
			isa = PBXVariantGroup;
			children = (
				74AAF27429D7BBC900D322DB /* Base */,
			);
			name = LaunchScreen.storyboard;
			sourceTree = "<group>";
		};
/* End PBXVariantGroup section */

/* Begin XCBuildConfiguration section */
		7444A4E529A1CB64009632C3 /* Debug */ = {
			isa = XCBuildConfiguration;
			buildSettings = {
				ALWAYS_SEARCH_USER_PATHS = NO;
				CLANG_ANALYZER_NONNULL = YES;
				CLANG_ANALYZER_NUMBER_OBJECT_CONVERSION = YES_AGGRESSIVE;
				CLANG_CXX_LANGUAGE_STANDARD = "gnu++20";
				CLANG_ENABLE_MODULES = YES;
				CLANG_ENABLE_OBJC_ARC = YES;
				CLANG_ENABLE_OBJC_WEAK = YES;
				CLANG_WARN_BLOCK_CAPTURE_AUTORELEASING = YES;
				CLANG_WARN_BOOL_CONVERSION = YES;
				CLANG_WARN_COMMA = YES;
				CLANG_WARN_CONSTANT_CONVERSION = YES;
				CLANG_WARN_DEPRECATED_OBJC_IMPLEMENTATIONS = YES;
				CLANG_WARN_DIRECT_OBJC_ISA_USAGE = YES_ERROR;
				CLANG_WARN_DOCUMENTATION_COMMENTS = YES;
				CLANG_WARN_EMPTY_BODY = YES;
				CLANG_WARN_ENUM_CONVERSION = YES;
				CLANG_WARN_INFINITE_RECURSION = YES;
				CLANG_WARN_INT_CONVERSION = YES;
				CLANG_WARN_NON_LITERAL_NULL_CONVERSION = YES;
				CLANG_WARN_OBJC_IMPLICIT_RETAIN_SELF = YES;
				CLANG_WARN_OBJC_LITERAL_CONVERSION = YES;
				CLANG_WARN_OBJC_ROOT_CLASS = YES_ERROR;
				CLANG_WARN_QUOTED_INCLUDE_IN_FRAMEWORK_HEADER = YES;
				CLANG_WARN_RANGE_LOOP_ANALYSIS = YES;
				CLANG_WARN_STRICT_PROTOTYPES = YES;
				CLANG_WARN_SUSPICIOUS_MOVE = YES;
				CLANG_WARN_UNGUARDED_AVAILABILITY = YES_AGGRESSIVE;
				CLANG_WARN_UNREACHABLE_CODE = YES;
				CLANG_WARN__DUPLICATE_METHOD_MATCH = YES;
				COPY_PHASE_STRIP = NO;
				DEBUG_INFORMATION_FORMAT = dwarf;
				ENABLE_STRICT_OBJC_MSGSEND = YES;
				ENABLE_TESTABILITY = YES;
				GCC_C_LANGUAGE_STANDARD = gnu11;
				GCC_DYNAMIC_NO_PIC = NO;
				GCC_NO_COMMON_BLOCKS = YES;
				GCC_OPTIMIZATION_LEVEL = 0;
				GCC_PREPROCESSOR_DEFINITIONS = (
					"DEBUG=1",
					"$(inherited)",
				);
				GCC_WARN_64_TO_32_BIT_CONVERSION = YES;
				GCC_WARN_ABOUT_RETURN_TYPE = YES_ERROR;
				GCC_WARN_UNDECLARED_SELECTOR = YES;
				GCC_WARN_UNINITIALIZED_AUTOS = YES_AGGRESSIVE;
				GCC_WARN_UNUSED_FUNCTION = YES;
				GCC_WARN_UNUSED_VARIABLE = YES;
				HEADER_SEARCH_PATHS = Sources/;
				MACOSX_DEPLOYMENT_TARGET = 13.1;
				MTL_ENABLE_DEBUG_INFO = INCLUDE_SOURCE;
				MTL_FAST_MATH = YES;
				MTL_HEADER_SEARCH_PATHS = Sources/;
				ONLY_ACTIVE_ARCH = YES;
				SDKROOT = macosx;
			};
			name = Debug;
		};
		7444A4E629A1CB64009632C3 /* Release */ = {
			isa = XCBuildConfiguration;
			buildSettings = {
				ALWAYS_SEARCH_USER_PATHS = NO;
				CLANG_ANALYZER_NONNULL = YES;
				CLANG_ANALYZER_NUMBER_OBJECT_CONVERSION = YES_AGGRESSIVE;
				CLANG_CXX_LANGUAGE_STANDARD = "gnu++20";
				CLANG_ENABLE_MODULES = YES;
				CLANG_ENABLE_OBJC_ARC = YES;
				CLANG_ENABLE_OBJC_WEAK = YES;
				CLANG_WARN_BLOCK_CAPTURE_AUTORELEASING = YES;
				CLANG_WARN_BOOL_CONVERSION = YES;
				CLANG_WARN_COMMA = YES;
				CLANG_WARN_CONSTANT_CONVERSION = YES;
				CLANG_WARN_DEPRECATED_OBJC_IMPLEMENTATIONS = YES;
				CLANG_WARN_DIRECT_OBJC_ISA_USAGE = YES_ERROR;
				CLANG_WARN_DOCUMENTATION_COMMENTS = YES;
				CLANG_WARN_EMPTY_BODY = YES;
				CLANG_WARN_ENUM_CONVERSION = YES;
				CLANG_WARN_INFINITE_RECURSION = YES;
				CLANG_WARN_INT_CONVERSION = YES;
				CLANG_WARN_NON_LITERAL_NULL_CONVERSION = YES;
				CLANG_WARN_OBJC_IMPLICIT_RETAIN_SELF = YES;
				CLANG_WARN_OBJC_LITERAL_CONVERSION = YES;
				CLANG_WARN_OBJC_ROOT_CLASS = YES_ERROR;
				CLANG_WARN_QUOTED_INCLUDE_IN_FRAMEWORK_HEADER = YES;
				CLANG_WARN_RANGE_LOOP_ANALYSIS = YES;
				CLANG_WARN_STRICT_PROTOTYPES = YES;
				CLANG_WARN_SUSPICIOUS_MOVE = YES;
				CLANG_WARN_UNGUARDED_AVAILABILITY = YES_AGGRESSIVE;
				CLANG_WARN_UNREACHABLE_CODE = YES;
				CLANG_WARN__DUPLICATE_METHOD_MATCH = YES;
				COPY_PHASE_STRIP = NO;
				DEBUG_INFORMATION_FORMAT = "dwarf-with-dsym";
				ENABLE_NS_ASSERTIONS = NO;
				ENABLE_STRICT_OBJC_MSGSEND = YES;
				GCC_C_LANGUAGE_STANDARD = gnu11;
				GCC_NO_COMMON_BLOCKS = YES;
				GCC_WARN_64_TO_32_BIT_CONVERSION = YES;
				GCC_WARN_ABOUT_RETURN_TYPE = YES_ERROR;
				GCC_WARN_UNDECLARED_SELECTOR = YES;
				GCC_WARN_UNINITIALIZED_AUTOS = YES_AGGRESSIVE;
				GCC_WARN_UNUSED_FUNCTION = YES;
				GCC_WARN_UNUSED_VARIABLE = YES;
				HEADER_SEARCH_PATHS = Sources/;
				MACOSX_DEPLOYMENT_TARGET = 13.1;
				MTL_ENABLE_DEBUG_INFO = NO;
				MTL_FAST_MATH = YES;
				MTL_HEADER_SEARCH_PATHS = Sources/;
				SDKROOT = macosx;
			};
			name = Release;
		};
		7444A4E829A1CB64009632C3 /* Debug */ = {
			isa = XCBuildConfiguration;
			buildSettings = {
				ASSETCATALOG_COMPILER_APPICON_NAME = AppIcon;
				ASSETCATALOG_COMPILER_GLOBAL_ACCENT_COLOR_NAME = AccentColor;
				CODE_SIGN_ENTITLEMENTS = macOS/SDFModeler.entitlements;
				CODE_SIGN_STYLE = Automatic;
				COMBINE_HIDPI_IMAGES = YES;
				CURRENT_PROJECT_VERSION = 1;
				DEVELOPMENT_TEAM = 4EUCTF8UFR;
				ENABLE_HARDENED_RUNTIME = YES;
				GENERATE_INFOPLIST_FILE = YES;
				HEADER_SEARCH_PATHS = Sources/;
				INFOPLIST_KEY_NSHumanReadableCopyright = "";
				INFOPLIST_KEY_NSMainStoryboardFile = Main;
				INFOPLIST_KEY_NSPrincipalClass = NSApplication;
				LD_RUNPATH_SEARCH_PATHS = (
					"$(inherited)",
					"@executable_path/../Frameworks",
				);
				MARKETING_VERSION = 1.0;
				PRODUCT_BUNDLE_IDENTIFIER = com.geraldguyomard.SDFModeler;
				PRODUCT_NAME = "$(TARGET_NAME)";
				SWIFT_EMIT_LOC_STRINGS = YES;
			};
			name = Debug;
		};
		7444A4E929A1CB64009632C3 /* Release */ = {
			isa = XCBuildConfiguration;
			buildSettings = {
				ASSETCATALOG_COMPILER_APPICON_NAME = AppIcon;
				ASSETCATALOG_COMPILER_GLOBAL_ACCENT_COLOR_NAME = AccentColor;
				CODE_SIGN_ENTITLEMENTS = macOS/SDFModeler.entitlements;
				CODE_SIGN_STYLE = Automatic;
				COMBINE_HIDPI_IMAGES = YES;
				CURRENT_PROJECT_VERSION = 1;
				DEVELOPMENT_TEAM = 4EUCTF8UFR;
				ENABLE_HARDENED_RUNTIME = YES;
				GENERATE_INFOPLIST_FILE = YES;
				HEADER_SEARCH_PATHS = Sources/;
				INFOPLIST_KEY_NSHumanReadableCopyright = "";
				INFOPLIST_KEY_NSMainStoryboardFile = Main;
				INFOPLIST_KEY_NSPrincipalClass = NSApplication;
				LD_RUNPATH_SEARCH_PATHS = (
					"$(inherited)",
					"@executable_path/../Frameworks",
				);
				MARKETING_VERSION = 1.0;
				PRODUCT_BUNDLE_IDENTIFIER = com.geraldguyomard.SDFModeler;
				PRODUCT_NAME = "$(TARGET_NAME)";
				SWIFT_EMIT_LOC_STRINGS = YES;
			};
			name = Release;
		};
		74AAF27829D7BBC900D322DB /* Debug */ = {
			isa = XCBuildConfiguration;
			buildSettings = {
				ASSETCATALOG_COMPILER_APPICON_NAME = AppIcon;
				ASSETCATALOG_COMPILER_GLOBAL_ACCENT_COLOR_NAME = AccentColor;
				CODE_SIGN_STYLE = Automatic;
				CURRENT_PROJECT_VERSION = 1;
				DEVELOPMENT_TEAM = 4EUCTF8UFR;
				GENERATE_INFOPLIST_FILE = YES;
				INFOPLIST_KEY_CFBundleDisplayName = "SDF Modeler";
				INFOPLIST_KEY_UIApplicationSupportsIndirectInputEvents = YES;
				INFOPLIST_KEY_UILaunchStoryboardName = LaunchScreen;
				INFOPLIST_KEY_UIMainStoryboardFile = Main;
				INFOPLIST_KEY_UIRequiredDeviceCapabilities = metal;
				INFOPLIST_KEY_UIStatusBarHidden = YES;
				INFOPLIST_KEY_UISupportedInterfaceOrientations_iPad = "UIInterfaceOrientationPortrait UIInterfaceOrientationPortraitUpsideDown UIInterfaceOrientationLandscapeLeft UIInterfaceOrientationLandscapeRight";
				INFOPLIST_KEY_UISupportedInterfaceOrientations_iPhone = "UIInterfaceOrientationPortrait UIInterfaceOrientationLandscapeLeft UIInterfaceOrientationLandscapeRight";
				IPHONEOS_DEPLOYMENT_TARGET = 16.0;
				LD_RUNPATH_SEARCH_PATHS = (
					"$(inherited)",
					"@executable_path/Frameworks",
				);
				MARKETING_VERSION = 1.0;
				PRODUCT_BUNDLE_IDENTIFIER = com.geraldguyomard.SDFModeler;
				PRODUCT_NAME = "$(TARGET_NAME)";
				SDKROOT = iphoneos;
				SWIFT_EMIT_LOC_STRINGS = YES;
				TARGETED_DEVICE_FAMILY = "1,2";
			};
			name = Debug;
		};
		74AAF27929D7BBC900D322DB /* Release */ = {
			isa = XCBuildConfiguration;
			buildSettings = {
				ASSETCATALOG_COMPILER_APPICON_NAME = AppIcon;
				ASSETCATALOG_COMPILER_GLOBAL_ACCENT_COLOR_NAME = AccentColor;
				CODE_SIGN_STYLE = Automatic;
				CURRENT_PROJECT_VERSION = 1;
				DEVELOPMENT_TEAM = 4EUCTF8UFR;
				GENERATE_INFOPLIST_FILE = YES;
				INFOPLIST_KEY_CFBundleDisplayName = "SDF Modeler";
				INFOPLIST_KEY_UIApplicationSupportsIndirectInputEvents = YES;
				INFOPLIST_KEY_UILaunchStoryboardName = LaunchScreen;
				INFOPLIST_KEY_UIMainStoryboardFile = Main;
				INFOPLIST_KEY_UIRequiredDeviceCapabilities = metal;
				INFOPLIST_KEY_UIStatusBarHidden = YES;
				INFOPLIST_KEY_UISupportedInterfaceOrientations_iPad = "UIInterfaceOrientationPortrait UIInterfaceOrientationPortraitUpsideDown UIInterfaceOrientationLandscapeLeft UIInterfaceOrientationLandscapeRight";
				INFOPLIST_KEY_UISupportedInterfaceOrientations_iPhone = "UIInterfaceOrientationPortrait UIInterfaceOrientationLandscapeLeft UIInterfaceOrientationLandscapeRight";
				IPHONEOS_DEPLOYMENT_TARGET = 16.0;
				LD_RUNPATH_SEARCH_PATHS = (
					"$(inherited)",
					"@executable_path/Frameworks",
				);
				MARKETING_VERSION = 1.0;
				PRODUCT_BUNDLE_IDENTIFIER = com.geraldguyomard.SDFModeler;
				PRODUCT_NAME = "$(TARGET_NAME)";
				SDKROOT = iphoneos;
				SWIFT_EMIT_LOC_STRINGS = YES;
				TARGETED_DEVICE_FAMILY = "1,2";
				VALIDATE_PRODUCT = YES;
			};
			name = Release;
		};
/* End XCBuildConfiguration section */

/* Begin XCConfigurationList section */
		7444A4C929A1CB63009632C3 /* Build configuration list for PBXProject "SDFModeler" */ = {
			isa = XCConfigurationList;
			buildConfigurations = (
				7444A4E529A1CB64009632C3 /* Debug */,
				7444A4E629A1CB64009632C3 /* Release */,
			);
			defaultConfigurationIsVisible = 0;
			defaultConfigurationName = Release;
		};
		7444A4E729A1CB64009632C3 /* Build configuration list for PBXNativeTarget "SDFModeler" */ = {
			isa = XCConfigurationList;
			buildConfigurations = (
				7444A4E829A1CB64009632C3 /* Debug */,
				7444A4E929A1CB64009632C3 /* Release */,
			);
			defaultConfigurationIsVisible = 0;
			defaultConfigurationName = Release;
		};
		74AAF27A29D7BBC900D322DB /* Build configuration list for PBXNativeTarget "SDFModeler iOS" */ = {
			isa = XCConfigurationList;
			buildConfigurations = (
				74AAF27829D7BBC900D322DB /* Debug */,
				74AAF27929D7BBC900D322DB /* Release */,
			);
			defaultConfigurationIsVisible = 0;
			defaultConfigurationName = Release;
		};
/* End XCConfigurationList section */
	};
	rootObject = 7444A4C629A1CB63009632C3 /* Project object */;
}
